// !$*UTF8*$!
{
	archiveVersion = 1;
	classes = {
	};
	objectVersion = 46;
	objects = {

/* Begin PBXBuildFile section */
		804E3B991B14DA89000101B7 /* main.m in Sources */ = {isa = PBXBuildFile; fileRef = 804E3B981B14DA89000101B7 /* main.m */; };
		804E3B9C1B14DA89000101B7 /* AppDelegate.m in Sources */ = {isa = PBXBuildFile; fileRef = 804E3B9B1B14DA89000101B7 /* AppDelegate.m */; };
		804E3B9F1B14DA89000101B7 /* ViewController.m in Sources */ = {isa = PBXBuildFile; fileRef = 804E3B9E1B14DA89000101B7 /* ViewController.m */; };
		804E3BA21B14DA89000101B7 /* Main.storyboard in Resources */ = {isa = PBXBuildFile; fileRef = 804E3BA01B14DA89000101B7 /* Main.storyboard */; };
		804E3BA41B14DA89000101B7 /* Images.xcassets in Resources */ = {isa = PBXBuildFile; fileRef = 804E3BA31B14DA89000101B7 /* Images.xcassets */; };
		804E3BA71B14DA89000101B7 /* LaunchScreen.xib in Resources */ = {isa = PBXBuildFile; fileRef = 804E3BA51B14DA89000101B7 /* LaunchScreen.xib */; };
		804E3BB31B14DA89000101B7 /* HTTPRequestTests.m in Sources */ = {isa = PBXBuildFile; fileRef = 804E3BB21B14DA89000101B7 /* HTTPRequestTests.m */; };
		804E3BBE1B14DAB0000101B7 /* RestAPI.m in Sources */ = {isa = PBXBuildFile; fileRef = 804E3BBD1B14DAB0000101B7 /* RestAPI.m */; };
		804E3BC11B14DCE1000101B7 /* NewsTVC.m in Sources */ = {isa = PBXBuildFile; fileRef = 804E3BC01B14DCE1000101B7 /* NewsTVC.m */; };
/* End PBXBuildFile section */

/* Begin PBXContainerItemProxy section */
		804E3BAD1B14DA89000101B7 /* PBXContainerItemProxy */ = {
			isa = PBXContainerItemProxy;
			containerPortal = 804E3B8B1B14DA89000101B7 /* Project object */;
			proxyType = 1;
			remoteGlobalIDString = 804E3B921B14DA89000101B7;
			remoteInfo = HTTPRequest;
		};
/* End PBXContainerItemProxy section */

/* Begin PBXFileReference section */
		804E3B931B14DA89000101B7 /* HTTPRequest.app */ = {isa = PBXFileReference; explicitFileType = wrapper.application; includeInIndex = 0; path = HTTPRequest.app; sourceTree = BUILT_PRODUCTS_DIR; };
		804E3B971B14DA89000101B7 /* Info.plist */ = {isa = PBXFileReference; lastKnownFileType = text.plist.xml; path = Info.plist; sourceTree = "<group>"; };
		804E3B981B14DA89000101B7 /* main.m */ = {isa = PBXFileReference; lastKnownFileType = sourcecode.c.objc; path = main.m; sourceTree = "<group>"; };
		804E3B9A1B14DA89000101B7 /* AppDelegate.h */ = {isa = PBXFileReference; lastKnownFileType = sourcecode.c.h; path = AppDelegate.h; sourceTree = "<group>"; };
		804E3B9B1B14DA89000101B7 /* AppDelegate.m */ = {isa = PBXFileReference; lastKnownFileType = sourcecode.c.objc; path = AppDelegate.m; sourceTree = "<group>"; };
		804E3B9D1B14DA89000101B7 /* ViewController.h */ = {isa = PBXFileReference; lastKnownFileType = sourcecode.c.h; path = ViewController.h; sourceTree = "<group>"; };
		804E3B9E1B14DA89000101B7 /* ViewController.m */ = {isa = PBXFileReference; lastKnownFileType = sourcecode.c.objc; path = ViewController.m; sourceTree = "<group>"; };
		804E3BA11B14DA89000101B7 /* Base */ = {isa = PBXFileReference; lastKnownFileType = file.storyboard; name = Base; path = Base.lproj/Main.storyboard; sourceTree = "<group>"; };
		804E3BA31B14DA89000101B7 /* Images.xcassets */ = {isa = PBXFileReference; lastKnownFileType = folder.assetcatalog; path = Images.xcassets; sourceTree = "<group>"; };
		804E3BA61B14DA89000101B7 /* Base */ = {isa = PBXFileReference; lastKnownFileType = file.xib; name = Base; path = Base.lproj/LaunchScreen.xib; sourceTree = "<group>"; };
		804E3BAC1B14DA89000101B7 /* HTTPRequestTests.xctest */ = {isa = PBXFileReference; explicitFileType = wrapper.cfbundle; includeInIndex = 0; path = HTTPRequestTests.xctest; sourceTree = BUILT_PRODUCTS_DIR; };
		804E3BB11B14DA89000101B7 /* Info.plist */ = {isa = PBXFileReference; lastKnownFileType = text.plist.xml; path = Info.plist; sourceTree = "<group>"; };
		804E3BB21B14DA89000101B7 /* HTTPRequestTests.m */ = {isa = PBXFileReference; lastKnownFileType = sourcecode.c.objc; path = HTTPRequestTests.m; sourceTree = "<group>"; };
		804E3BBC1B14DAB0000101B7 /* RestAPI.h */ = {isa = PBXFileReference; fileEncoding = 4; lastKnownFileType = sourcecode.c.h; path = RestAPI.h; sourceTree = "<group>"; };
		804E3BBD1B14DAB0000101B7 /* RestAPI.m */ = {isa = PBXFileReference; fileEncoding = 4; lastKnownFileType = sourcecode.c.objc; path = RestAPI.m; sourceTree = "<group>"; };
		804E3BBF1B14DCE1000101B7 /* NewsTVC.h */ = {isa = PBXFileReference; fileEncoding = 4; lastKnownFileType = sourcecode.c.h; path = NewsTVC.h; sourceTree = "<group>"; };
		804E3BC01B14DCE1000101B7 /* NewsTVC.m */ = {isa = PBXFileReference; fileEncoding = 4; lastKnownFileType = sourcecode.c.objc; path = NewsTVC.m; sourceTree = "<group>"; };
/* End PBXFileReference section */

/* Begin PBXFrameworksBuildPhase section */
		804E3B901B14DA89000101B7 /* Frameworks */ = {
			isa = PBXFrameworksBuildPhase;
			buildActionMask = 2147483647;
			files = (
			);
			runOnlyForDeploymentPostprocessing = 0;
		};
		804E3BA91B14DA89000101B7 /* Frameworks */ = {
			isa = PBXFrameworksBuildPhase;
			buildActionMask = 2147483647;
			files = (
			);
			runOnlyForDeploymentPostprocessing = 0;
		};
/* End PBXFrameworksBuildPhase section */

/* Begin PBXGroup section */
		804E3B8A1B14DA89000101B7 = {
			isa = PBXGroup;
			children = (
				804E3B951B14DA89000101B7 /* HTTPRequest */,
				804E3BAF1B14DA89000101B7 /* HTTPRequestTests */,
				804E3B941B14DA89000101B7 /* Products */,
			);
			sourceTree = "<group>";
		};
		804E3B941B14DA89000101B7 /* Products */ = {
			isa = PBXGroup;
			children = (
				804E3B931B14DA89000101B7 /* HTTPRequest.app */,
				804E3BAC1B14DA89000101B7 /* HTTPRequestTests.xctest */,
			);
			name = Products;
			sourceTree = "<group>";
		};
		804E3B951B14DA89000101B7 /* HTTPRequest */ = {
			isa = PBXGroup;
			children = (
				804E3B9A1B14DA89000101B7 /* AppDelegate.h */,
				804E3B9B1B14DA89000101B7 /* AppDelegate.m */,
				804E3BBC1B14DAB0000101B7 /* RestAPI.h */,
				804E3BBD1B14DAB0000101B7 /* RestAPI.m */,
				804E3BBF1B14DCE1000101B7 /* NewsTVC.h */,
				804E3BC01B14DCE1000101B7 /* NewsTVC.m */,
				804E3B9D1B14DA89000101B7 /* ViewController.h */,
				804E3B9E1B14DA89000101B7 /* ViewController.m */,
				804E3BA01B14DA89000101B7 /* Main.storyboard */,
				804E3BA31B14DA89000101B7 /* Images.xcassets */,
				804E3BA51B14DA89000101B7 /* LaunchScreen.xib */,
				804E3B961B14DA89000101B7 /* Supporting Files */,
			);
			path = HTTPRequest;
			sourceTree = "<group>";
		};
		804E3B961B14DA89000101B7 /* Supporting Files */ = {
			isa = PBXGroup;
			children = (
				804E3B971B14DA89000101B7 /* Info.plist */,
				804E3B981B14DA89000101B7 /* main.m */,
			);
			name = "Supporting Files";
			sourceTree = "<group>";
		};
		804E3BAF1B14DA89000101B7 /* HTTPRequestTests */ = {
			isa = PBXGroup;
			children = (
				804E3BB21B14DA89000101B7 /* HTTPRequestTests.m */,
				804E3BB01B14DA89000101B7 /* Supporting Files */,
			);
			path = HTTPRequestTests;
			sourceTree = "<group>";
		};
		804E3BB01B14DA89000101B7 /* Supporting Files */ = {
			isa = PBXGroup;
			children = (
				804E3BB11B14DA89000101B7 /* Info.plist */,
			);
			name = "Supporting Files";
			sourceTree = "<group>";
		};
/* End PBXGroup section */

/* Begin PBXNativeTarget section */
		804E3B921B14DA89000101B7 /* HTTPRequest */ = {
			isa = PBXNativeTarget;
			buildConfigurationList = 804E3BB61B14DA89000101B7 /* Build configuration list for PBXNativeTarget "HTTPRequest" */;
			buildPhases = (
				804E3B8F1B14DA89000101B7 /* Sources */,
				804E3B901B14DA89000101B7 /* Frameworks */,
				804E3B911B14DA89000101B7 /* Resources */,
			);
			buildRules = (
			);
			dependencies = (
			);
			name = HTTPRequest;
			productName = HTTPRequest;
			productReference = 804E3B931B14DA89000101B7 /* HTTPRequest.app */;
			productType = "com.apple.product-type.application";
		};
		804E3BAB1B14DA89000101B7 /* HTTPRequestTests */ = {
			isa = PBXNativeTarget;
			buildConfigurationList = 804E3BB91B14DA89000101B7 /* Build configuration list for PBXNativeTarget "HTTPRequestTests" */;
			buildPhases = (
				804E3BA81B14DA89000101B7 /* Sources */,
				804E3BA91B14DA89000101B7 /* Frameworks */,
				804E3BAA1B14DA89000101B7 /* Resources */,
			);
			buildRules = (
			);
			dependencies = (
				804E3BAE1B14DA89000101B7 /* PBXTargetDependency */,
			);
			name = HTTPRequestTests;
			productName = HTTPRequestTests;
			productReference = 804E3BAC1B14DA89000101B7 /* HTTPRequestTests.xctest */;
			productType = "com.apple.product-type.bundle.unit-test";
		};
/* End PBXNativeTarget section */

/* Begin PBXProject section */
		804E3B8B1B14DA89000101B7 /* Project object */ = {
			isa = PBXProject;
			attributes = {
				LastUpgradeCheck = 0620;
				ORGANIZATIONNAME = MohammadSUsman;
				TargetAttributes = {
					804E3B921B14DA89000101B7 = {
						CreatedOnToolsVersion = 6.2;
					};
					804E3BAB1B14DA89000101B7 = {
						CreatedOnToolsVersion = 6.2;
						TestTargetID = 804E3B921B14DA89000101B7;
					};
				};
			};
			buildConfigurationList = 804E3B8E1B14DA89000101B7 /* Build configuration list for PBXProject "HTTPRequest" */;
			compatibilityVersion = "Xcode 3.2";
			developmentRegion = English;
			hasScannedForEncodings = 0;
			knownRegions = (
				en,
				Base,
			);
			mainGroup = 804E3B8A1B14DA89000101B7;
			productRefGroup = 804E3B941B14DA89000101B7 /* Products */;
			projectDirPath = "";
			projectRoot = "";
			targets = (
				804E3B921B14DA89000101B7 /* HTTPRequest */,
				804E3BAB1B14DA89000101B7 /* HTTPRequestTests */,
			);
		};
/* End PBXProject section */

/* Begin PBXResourcesBuildPhase section */
		804E3B911B14DA89000101B7 /* Resources */ = {
			isa = PBXResourcesBuildPhase;
			buildActionMask = 2147483647;
			files = (
				804E3BA21B14DA89000101B7 /* Main.storyboard in Resources */,
				804E3BA71B14DA89000101B7 /* LaunchScreen.xib in Resources */,
				804E3BA41B14DA89000101B7 /* Images.xcassets in Resources */,
			);
			runOnlyForDeploymentPostprocessing = 0;
		};
		804E3BAA1B14DA89000101B7 /* Resources */ = {
			isa = PBXResourcesBuildPhase;
			buildActionMask = 2147483647;
			files = (
			);
			runOnlyForDeploymentPostprocessing = 0;
		};
/* End PBXResourcesBuildPhase section */

/* Begin PBXSourcesBuildPhase section */
		804E3B8F1B14DA89000101B7 /* Sources */ = {
			isa = PBXSourcesBuildPhase;
			buildActionMask = 2147483647;
			files = (
				804E3BBE1B14DAB0000101B7 /* RestAPI.m in Sources */,
				804E3B9F1B14DA89000101B7 /* ViewController.m in Sources */,
				804E3B9C1B14DA89000101B7 /* AppDelegate.m in Sources */,
				804E3BC11B14DCE1000101B7 /* NewsTVC.m in Sources */,
				804E3B991B14DA89000101B7 /* main.m in Sources */,
			);
			runOnlyForDeploymentPostprocessing = 0;
		};
		804E3BA81B14DA89000101B7 /* Sources */ = {
			isa = PBXSourcesBuildPhase;
			buildActionMask = 2147483647;
			files = (
				804E3BB31B14DA89000101B7 /* HTTPRequestTests.m in Sources */,
			);
			runOnlyForDeploymentPostprocessing = 0;
		};
/* End PBXSourcesBuildPhase section */

/* Begin PBXTargetDependency section */
		804E3BAE1B14DA89000101B7 /* PBXTargetDependency */ = {
			isa = PBXTargetDependency;
			target = 804E3B921B14DA89000101B7 /* HTTPRequest */;
			targetProxy = 804E3BAD1B14DA89000101B7 /* PBXContainerItemProxy */;
		};
/* End PBXTargetDependency section */

/* Begin PBXVariantGroup section */
		804E3BA01B14DA89000101B7 /* Main.storyboard */ = {
			isa = PBXVariantGroup;
			children = (
				804E3BA11B14DA89000101B7 /* Base */,
			);
			name = Main.storyboard;
			sourceTree = "<group>";
		};
		804E3BA51B14DA89000101B7 /* LaunchScreen.xib */ = {
			isa = PBXVariantGroup;
			children = (
				804E3BA61B14DA89000101B7 /* Base */,
			);
			name = LaunchScreen.xib;
			sourceTree = "<group>";
		};
/* End PBXVariantGroup section */

/* Begin XCBuildConfiguration section */
		804E3BB41B14DA89000101B7 /* Debug */ = {
			isa = XCBuildConfiguration;
			buildSettings = {
				ALWAYS_SEARCH_USER_PATHS = NO;
				CLANG_CXX_LANGUAGE_STANDARD = "gnu++0x";
				CLANG_CXX_LIBRARY = "libc++";
				CLANG_ENABLE_MODULES = YES;
				CLANG_ENABLE_OBJC_ARC = YES;
				CLANG_WARN_BOOL_CONVERSION = YES;
				CLANG_WARN_CONSTANT_CONVERSION = YES;
				CLANG_WARN_DIRECT_OBJC_ISA_USAGE = YES_ERROR;
				CLANG_WARN_EMPTY_BODY = YES;
				CLANG_WARN_ENUM_CONVERSION = YES;
				CLANG_WARN_INT_CONVERSION = YES;
				CLANG_WARN_OBJC_ROOT_CLASS = YES_ERROR;
				CLANG_WARN_UNREACHABLE_CODE = YES;
				CLANG_WARN__DUPLICATE_METHOD_MATCH = YES;
				"CODE_SIGN_IDENTITY[sdk=iphoneos*]" = "iPhone Developer";
				COPY_PHASE_STRIP = NO;
				ENABLE_STRICT_OBJC_MSGSEND = YES;
				GCC_C_LANGUAGE_STANDARD = gnu99;
				GCC_DYNAMIC_NO_PIC = NO;
				GCC_OPTIMIZATION_LEVEL = 0;
				GCC_PREPROCESSOR_DEFINITIONS = (
					"DEBUG=1",
					"$(inherited)",
				);
				GCC_SYMBOLS_PRIVATE_EXTERN = NO;
				GCC_WARN_64_TO_32_BIT_CONVERSION = YES;
				GCC_WARN_ABOUT_RETURN_TYPE = YES_ERROR;
				GCC_WARN_UNDECLARED_SELECTOR = YES;
				GCC_WARN_UNINITIALIZED_AUTOS = YES_AGGRESSIVE;
				GCC_WARN_UNUSED_FUNCTION = YES;
				GCC_WARN_UNUSED_VARIABLE = YES;
				IPHONEOS_DEPLOYMENT_TARGET = 8.2;
				MTL_ENABLE_DEBUG_INFO = YES;
				ONLY_ACTIVE_ARCH = YES;
				SDKROOT = iphoneos;
			};
			name = Debug;
		};
		804E3BB51B14DA89000101B7 /* Release */ = {
			isa = XCBuildConfiguration;
			buildSettings = {
				ALWAYS_SEARCH_USER_PATHS = NO;
				CLANG_CXX_LANGUAGE_STANDARD = "gnu++0x";
				CLANG_CXX_LIBRARY = "libc++";
				CLANG_ENABLE_MODULES = YES;
				CLANG_ENABLE_OBJC_ARC = YES;
				CLANG_WARN_BOOL_CONVERSION = YES;
				CLANG_WARN_CONSTANT_CONVERSION = YES;
				CLANG_WARN_DIRECT_OBJC_ISA_USAGE = YES_ERROR;
				CLANG_WARN_EMPTY_BODY = YES;
				CLANG_WARN_ENUM_CONVERSION = YES;
				CLANG_WARN_INT_CONVERSION = YES;
				CLANG_WARN_OBJC_ROOT_CLASS = YES_ERROR;
				CLANG_WARN_UNREACHABLE_CODE = YES;
				CLANG_WARN__DUPLICATE_METHOD_MATCH = YES;
				"CODE_SIGN_IDENTITY[sdk=iphoneos*]" = "iPhone Developer";
				COPY_PHASE_STRIP = NO;
				ENABLE_NS_ASSERTIONS = NO;
				ENABLE_STRICT_OBJC_MSGSEND = YES;
				GCC_C_LANGUAGE_STANDARD = gnu99;
				GCC_WARN_64_TO_32_BIT_CONVERSION = YES;
				GCC_WARN_ABOUT_RETURN_TYPE = YES_ERROR;
				GCC_WARN_UNDECLARED_SELECTOR = YES;
				GCC_WARN_UNINITIALIZED_AUTOS = YES_AGGRESSIVE;
				GCC_WARN_UNUSED_FUNCTION = YES;
				GCC_WARN_UNUSED_VARIABLE = YES;
				IPHONEOS_DEPLOYMENT_TARGET = 8.2;
				MTL_ENABLE_DEBUG_INFO = NO;
				SDKROOT = iphoneos;
				VALIDATE_PRODUCT = YES;
			};
			name = Release;
		};
		804E3BB71B14DA89000101B7 /* Debug */ = {
			isa = XCBuildConfiguration;
			buildSettings = {
				ASSETCATALOG_COMPILER_APPICON_NAME = AppIcon;
				INFOPLIST_FILE = HTTPRequest/Info.plist;
				LD_RUNPATH_SEARCH_PATHS = "$(inherited) @executable_path/Frameworks";
				PRODUCT_NAME = "$(TARGET_NAME)";
			};
			name = Debug;
		};
		804E3BB81B14DA89000101B7 /* Release */ = {
			isa = XCBuildConfiguration;
			buildSettings = {
				ASSETCATALOG_COMPILER_APPICON_NAME = AppIcon;
				INFOPLIST_FILE = HTTPRequest/Info.plist;
				LD_RUNPATH_SEARCH_PATHS = "$(inherited) @executable_path/Frameworks";
				PRODUCT_NAME = "$(TARGET_NAME)";
			};
			name = Release;
		};
		804E3BBA1B14DA89000101B7 /* Debug */ = {
			isa = XCBuildConfiguration;
			buildSettings = {
				BUNDLE_LOADER = "$(TEST_HOST)";
				FRAMEWORK_SEARCH_PATHS = (
					"$(SDKROOT)/Developer/Library/Frameworks",
					"$(inherited)",
				);
				GCC_PREPROCESSOR_DEFINITIONS = (
					"DEBUG=1",
					"$(inherited)",
				);
				INFOPLIST_FILE = HTTPRequestTests/Info.plist;
				LD_RUNPATH_SEARCH_PATHS = "$(inherited) @executable_path/Frameworks @loader_path/Frameworks";
				PRODUCT_NAME = "$(TARGET_NAME)";
				TEST_HOST = "$(BUILT_PRODUCTS_DIR)/HTTPRequest.app/HTTPRequest";
			};
			name = Debug;
		};
		804E3BBB1B14DA89000101B7 /* Release */ = {
			isa = XCBuildConfiguration;
			buildSettings = {
				BUNDLE_LOADER = "$(TEST_HOST)";
				FRAMEWORK_SEARCH_PATHS = (
					"$(SDKROOT)/Developer/Library/Frameworks",
					"$(inherited)",
				);
				INFOPLIST_FILE = HTTPRequestTests/Info.plist;
				LD_RUNPATH_SEARCH_PATHS = "$(inherited) @executable_path/Frameworks @loader_path/Frameworks";
				PRODUCT_NAME = "$(TARGET_NAME)";
				TEST_HOST = "$(BUILT_PRODUCTS_DIR)/HTTPRequest.app/HTTPRequest";
			};
			name = Release;
		};
/* End XCBuildConfiguration section */

/* Begin XCConfigurationList section */
		804E3B8E1B14DA89000101B7 /* Build configuration list for PBXProject "HTTPRequest" */ = {
			isa = XCConfigurationList;
			buildConfigurations = (
				804E3BB41B14DA89000101B7 /* Debug */,
				804E3BB51B14DA89000101B7 /* Release */,
			);
			defaultConfigurationIsVisible = 0;
			defaultConfigurationName = Release;
		};
		804E3BB61B14DA89000101B7 /* Build configuration list for PBXNativeTarget "HTTPRequest" */ = {
			isa = XCConfigurationList;
			buildConfigurations = (
				804E3BB71B14DA89000101B7 /* Debug */,
				804E3BB81B14DA89000101B7 /* Release */,
			);
			defaultConfigurationIsVisible = 0;
		};
		804E3BB91B14DA89000101B7 /* Build configuration list for PBXNativeTarget "HTTPRequestTests" */ = {
			isa = XCConfigurationList;
			buildConfigurations = (
				804E3BBA1B14DA89000101B7 /* Debug */,
				804E3BBB1B14DA89000101B7 /* Release */,
			);
			defaultConfigurationIsVisible = 0;
		};
/* End XCConfigurationList section */
	};
	rootObject = 804E3B8B1B14DA89000101B7 /* Project object */;
}
